
Microsoft Visual Studio Solution File, Format Version 12.00
Project("{F2A71F9B-5D33-465A-A702-920D77279786}") = "GDUT.Auth", "GDUT.Auth.fsproj", "{60D16744-D1CF-4CD6-B060-ED519FB4ED96}"
EndProject
Project("{F2A71F9B-5D33-465A-A702-920D77279786}") = "GDUT.Auth.CLI", "GDUT.Auth.CLI\GDUT.Auth.CLI.fsproj", "{9792ABFB-8B3A-4788-84DE-41865AC246A5}"
EndProject
Global
	GlobalSection(SolutionConfigurationPlatforms) = preSolution
		Debug|Any CPU = Debug|Any CPU
		Release|Any CPU = Release|Any CPU
	EndGlobalSection
	GlobalSection(ProjectConfigurationPlatforms) = postSolution
		{60D16744-D1CF-4CD6-B060-ED519FB4ED96}.Debug|Any CPU.ActiveCfg = Debug|Any CPU
		{60D16744-D1CF-4CD6-B060-ED519FB4ED96}.Debug|Any CPU.Build.0 = Debug|Any CPU
		{60D16744-D1CF-4CD6-B060-ED519FB4ED96}.Release|Any CPU.ActiveCfg = Release|Any CPU
		{60D16744-D1CF-4CD6-B060-ED519FB4ED96}.Release|Any CPU.Build.0 = Release|Any CPU
		{9792ABFB-8B3A-4788-84DE-41865AC246A5}.Debug|Any CPU.ActiveCfg = Debug|Any CPU
		{9792ABFB-8B3A-4788-84DE-41865AC246A5}.Debug|Any CPU.Build.0 = Debug|Any CPU
		{9792ABFB-8B3A-4788-84DE-41865AC246A5}.Release|Any CPU.ActiveCfg = Release|Any CPU
		{9792ABFB-8B3A-4788-84DE-41865AC246A5}.Release|Any CPU.Build.0 = Release|Any CPU
	EndGlobalSection
EndGlobal
